%{
  "decimal": {:hex, :decimal, "1.8.0", "ca462e0d885f09a1c5a342dbd7c1dcf27ea63548c65a65e67334f4b61803822e", [:mix], [], "hexpm"},
  "elixir_uuid": {:hex, :elixir_uuid, "1.2.0", "ff26e938f95830b1db152cb6e594d711c10c02c6391236900ddd070a6b01271d", [:mix], [], "hexpm"},
  "jason": {:hex, :jason, "1.1.2", "b03dedea67a99223a2eaf9f1264ce37154564de899fd3d8b9a21b1a6fd64afe7", [:mix], [{:decimal, "~> 1.0", [hex: :decimal, repo: "hexpm", optional: true]}], "hexpm"},
  "json_ld": {:hex, :json_ld, "0.3.0", "92f508ca831b9e4530e3e6c950976fdafcf26323e6817c325b3e1ee78affc4bd", [:mix], [{:jason, "~> 1.1.1", [hex: :jason, repo: "hexpm", optional: false]}, {:rdf, "~> 0.5", [hex: :rdf, repo: "hexpm", optional: false]}], "hexpm"},
  "nimble_csv": {:hex, :nimble_csv, "0.6.0", "a3673f26d41f986774fe6060e309615343d3cb83a6d435754d8b1fdbd5764879", [:mix], [], "hexpm"},
  "optimus": {:hex, :optimus, "0.1.8", "4c4b83062fb71683c50e32b9b968a0e76971bb7cbe7512d83333e2feeb436402", [:mix], [{:yamerl, "~> 0.6", [hex: :yamerl, repo: "hexpm", optional: false]}], "hexpm"},
  "rdf": {:hex, :rdf, "0.6.2", "1b85e37c135e232febeebda6b04ac4aba5f5e2bb1c3a2a6665ed4ccec19ade70", [:mix], [{:decimal, "~> 1.5", [hex: :decimal, repo: "hexpm", optional: false]}], "hexpm"},
  "sparql": {:hex, :sparql, "0.3.2", "d601d28133793f0981c316edbc71ac20ecd96d71ddabd353284e2a8c30cd170f", [:mix], [{:elixir_uuid, "~> 1.2", [hex: :elixir_uuid, repo: "hexpm", optional: false]}, {:jason, "~> 1.0", [hex: :jason, repo: "hexpm", optional: false]}, {:nimble_csv, "~> 0.6", [hex: :nimble_csv, repo: "hexpm", optional: false]}, {:rdf, "~> 0.6.1", [hex: :rdf, repo: "hexpm", optional: false]}, {:sweet_xml, "~> 0.6", [hex: :sweet_xml, repo: "hexpm", optional: false]}], "hexpm"},
  "sweet_xml": {:hex, :sweet_xml, "0.6.6", "fc3e91ec5dd7c787b6195757fbcf0abc670cee1e4172687b45183032221b66b8", [:mix], [], "hexpm"},
  "yamerl": {:hex, :yamerl, "0.7.0", "e51dba652dce74c20a88294130b48051ebbbb0be7d76f22de064f0f3ccf0aaf5", [:rebar3], [], "hexpm"},
  "yaml_elixir": {:hex, :yaml_elixir, "2.4.0", "2f444abc3c994c902851fde56b6a9cb82895c291c05a0490a289035c2e62ae71", [:mix], [{:yamerl, "~> 0.7", [hex: :yamerl, repo: "hexpm", optional: false]}], "hexpm"},
}
